// !$*UTF8*$!
{
	archiveVersion = 1;
	classes = {
	};
	objectVersion = 56;
	objects = {

/* Begin PBXBuildFile section */
		52C1B0CB2A2723A0009CE092 /* ApiRequest.swift in Sources */ = {isa = PBXBuildFile; fileRef = 52C1B0CA2A2723A0009CE092 /* ApiRequest.swift */; };
		52C1B0CD2A272757009CE092 /* ApiResponse.swift in Sources */ = {isa = PBXBuildFile; fileRef = 52C1B0CC2A272757009CE092 /* ApiResponse.swift */; };
		52C1B0CF2A275006009CE092 /* ApiManager.swift in Sources */ = {isa = PBXBuildFile; fileRef = 52C1B0CE2A275006009CE092 /* ApiManager.swift */; };
		52C1B0D12A276F15009CE092 /* Constants.swift in Sources */ = {isa = PBXBuildFile; fileRef = 52C1B0D02A276F15009CE092 /* Constants.swift */; };
		52C1B0D32A277014009CE092 /* Common.swift in Sources */ = {isa = PBXBuildFile; fileRef = 52C1B0D22A277014009CE092 /* Common.swift */; };
		52D1D69B2A263D7A00129113 /* AppDelegate.swift in Sources */ = {isa = PBXBuildFile; fileRef = 52D1D69A2A263D7A00129113 /* AppDelegate.swift */; };
		52D1D69D2A263D7A00129113 /* SceneDelegate.swift in Sources */ = {isa = PBXBuildFile; fileRef = 52D1D69C2A263D7A00129113 /* SceneDelegate.swift */; };
		52D1D69F2A263D7A00129113 /* ViewController.swift in Sources */ = {isa = PBXBuildFile; fileRef = 52D1D69E2A263D7A00129113 /* ViewController.swift */; };
		52D1D6A22A263D7A00129113 /* Main.storyboard in Resources */ = {isa = PBXBuildFile; fileRef = 52D1D6A02A263D7A00129113 /* Main.storyboard */; };
		52D1D6A42A263D7C00129113 /* Assets.xcassets in Resources */ = {isa = PBXBuildFile; fileRef = 52D1D6A32A263D7C00129113 /* Assets.xcassets */; };
		52D1D6A72A263D7C00129113 /* LaunchScreen.storyboard in Resources */ = {isa = PBXBuildFile; fileRef = 52D1D6A52A263D7C00129113 /* LaunchScreen.storyboard */; };
		52D1D6AF2A263D8D00129113 /* ApiService.swift in Sources */ = {isa = PBXBuildFile; fileRef = 52D1D6AE2A263D8D00129113 /* ApiService.swift */; };
		52D1D6B12A263DDA00129113 /* ViewModel.swift in Sources */ = {isa = PBXBuildFile; fileRef = 52D1D6B02A263DDA00129113 /* ViewModel.swift */; };
/* End PBXBuildFile section */

/* Begin PBXFileReference section */
		52C1B0CA2A2723A0009CE092 /* ApiRequest.swift */ = {isa = PBXFileReference; lastKnownFileType = sourcecode.swift; path = ApiRequest.swift; sourceTree = "<group>"; };
		52C1B0CC2A272757009CE092 /* ApiResponse.swift */ = {isa = PBXFileReference; lastKnownFileType = sourcecode.swift; path = ApiResponse.swift; sourceTree = "<group>"; };
		52C1B0CE2A275006009CE092 /* ApiManager.swift */ = {isa = PBXFileReference; lastKnownFileType = sourcecode.swift; path = ApiManager.swift; sourceTree = "<group>"; };
		52C1B0D02A276F15009CE092 /* Constants.swift */ = {isa = PBXFileReference; lastKnownFileType = sourcecode.swift; path = Constants.swift; sourceTree = "<group>"; };
		52C1B0D22A277014009CE092 /* Common.swift */ = {isa = PBXFileReference; lastKnownFileType = sourcecode.swift; path = Common.swift; sourceTree = "<group>"; };
		52D1D6972A263D7A00129113 /* AnsycAwait.app */ = {isa = PBXFileReference; explicitFileType = wrapper.application; includeInIndex = 0; path = AnsycAwait.app; sourceTree = BUILT_PRODUCTS_DIR; };
		52D1D69A2A263D7A00129113 /* AppDelegate.swift */ = {isa = PBXFileReference; lastKnownFileType = sourcecode.swift; path = AppDelegate.swift; sourceTree = "<group>"; };
		52D1D69C2A263D7A00129113 /* SceneDelegate.swift */ = {isa = PBXFileReference; lastKnownFileType = sourcecode.swift; path = SceneDelegate.swift; sourceTree = "<group>"; };
		52D1D69E2A263D7A00129113 /* ViewController.swift */ = {isa = PBXFileReference; lastKnownFileType = sourcecode.swift; path = ViewController.swift; sourceTree = "<group>"; };
		52D1D6A12A263D7A00129113 /* Base */ = {isa = PBXFileReference; lastKnownFileType = file.storyboard; name = Base; path = Base.lproj/Main.storyboard; sourceTree = "<group>"; };
		52D1D6A32A263D7C00129113 /* Assets.xcassets */ = {isa = PBXFileReference; lastKnownFileType = folder.assetcatalog; path = Assets.xcassets; sourceTree = "<group>"; };
		52D1D6A62A263D7C00129113 /* Base */ = {isa = PBXFileReference; lastKnownFileType = file.storyboard; name = Base; path = Base.lproj/LaunchScreen.storyboard; sourceTree = "<group>"; };
		52D1D6A82A263D7C00129113 /* Info.plist */ = {isa = PBXFileReference; lastKnownFileType = text.plist.xml; path = Info.plist; sourceTree = "<group>"; };
		52D1D6AE2A263D8D00129113 /* ApiService.swift */ = {isa = PBXFileReference; lastKnownFileType = sourcecode.swift; path = ApiService.swift; sourceTree = "<group>"; };
		52D1D6B02A263DDA00129113 /* ViewModel.swift */ = {isa = PBXFileReference; lastKnownFileType = sourcecode.swift; path = ViewModel.swift; sourceTree = "<group>"; };
/* End PBXFileReference section */

/* Begin PBXFrameworksBuildPhase section */
		52D1D6942A263D7A00129113 /* Frameworks */ = {
			isa = PBXFrameworksBuildPhase;
			buildActionMask = 2147483647;
			files = (
			);
			runOnlyForDeploymentPostprocessing = 0;
		};
/* End PBXFrameworksBuildPhase section */

/* Begin PBXGroup section */
		52D1D68E2A263D7A00129113 = {
			isa = PBXGroup;
			children = (
				52D1D6992A263D7A00129113 /* AnsycAwait */,
				52D1D6982A263D7A00129113 /* Products */,
			);
			sourceTree = "<group>";
		};
		52D1D6982A263D7A00129113 /* Products */ = {
			isa = PBXGroup;
			children = (
				52D1D6972A263D7A00129113 /* AnsycAwait.app */,
			);
			name = Products;
			sourceTree = "<group>";
		};
		52D1D6992A263D7A00129113 /* AnsycAwait */ = {
			isa = PBXGroup;
			children = (
				52D1D69A2A263D7A00129113 /* AppDelegate.swift */,
				52D1D69C2A263D7A00129113 /* SceneDelegate.swift */,
				52D1D69E2A263D7A00129113 /* ViewController.swift */,
				52D1D6A02A263D7A00129113 /* Main.storyboard */,
				52D1D6A32A263D7C00129113 /* Assets.xcassets */,
				52D1D6A52A263D7C00129113 /* LaunchScreen.storyboard */,
				52D1D6A82A263D7C00129113 /* Info.plist */,
				52D1D6AE2A263D8D00129113 /* ApiService.swift */,
				52D1D6B02A263DDA00129113 /* ViewModel.swift */,
				52C1B0CA2A2723A0009CE092 /* ApiRequest.swift */,
				52C1B0CC2A272757009CE092 /* ApiResponse.swift */,
				52C1B0CE2A275006009CE092 /* ApiManager.swift */,
				52C1B0D02A276F15009CE092 /* Constants.swift */,
				52C1B0D22A277014009CE092 /* Common.swift */,
			);
			path = AnsycAwait;
			sourceTree = "<group>";
		};
/* End PBXGroup section */

/* Begin PBXNativeTarget section */
		52D1D6962A263D7A00129113 /* AnsycAwait */ = {
			isa = PBXNativeTarget;
			buildConfigurationList = 52D1D6AB2A263D7C00129113 /* Build configuration list for PBXNativeTarget "AnsycAwait" */;
			buildPhases = (
				52D1D6932A263D7A00129113 /* Sources */,
				52D1D6942A263D7A00129113 /* Frameworks */,
				52D1D6952A263D7A00129113 /* Resources */,
			);
			buildRules = (
			);
			dependencies = (
			);
			name = AnsycAwait;
			productName = AnsycAwait;
			productReference = 52D1D6972A263D7A00129113 /* AnsycAwait.app */;
			productType = "com.apple.product-type.application";
		};
/* End PBXNativeTarget section */

/* Begin PBXProject section */
		52D1D68F2A263D7A00129113 /* Project object */ = {
			isa = PBXProject;
			attributes = {
				BuildIndependentTargetsInParallel = 1;
				LastSwiftUpdateCheck = 1420;
				LastUpgradeCheck = 1420;
				TargetAttributes = {
					52D1D6962A263D7A00129113 = {
						CreatedOnToolsVersion = 14.2;
					};
				};
			};
			buildConfigurationList = 52D1D6922A263D7A00129113 /* Build configuration list for PBXProject "AnsycAwait" */;
			compatibilityVersion = "Xcode 14.0";
			developmentRegion = en;
			hasScannedForEncodings = 0;
			knownRegions = (
				en,
				Base,
			);
			mainGroup = 52D1D68E2A263D7A00129113;
			productRefGroup = 52D1D6982A263D7A00129113 /* Products */;
			projectDirPath = "";
			projectRoot = "";
			targets = (
				52D1D6962A263D7A00129113 /* AnsycAwait */,
			);
		};
/* End PBXProject section */

/* Begin PBXResourcesBuildPhase section */
		52D1D6952A263D7A00129113 /* Resources */ = {
			isa = PBXResourcesBuildPhase;
			buildActionMask = 2147483647;
			files = (
				52D1D6A72A263D7C00129113 /* LaunchScreen.storyboard in Resources */,
				52D1D6A42A263D7C00129113 /* Assets.xcassets in Resources */,
				52D1D6A22A263D7A00129113 /* Main.storyboard in Resources */,
			);
			runOnlyForDeploymentPostprocessing = 0;
		};
/* End PBXResourcesBuildPhase section */

/* Begin PBXSourcesBuildPhase section */
		52D1D6932A263D7A00129113 /* Sources */ = {
			isa = PBXSourcesBuildPhase;
			buildActionMask = 2147483647;
			files = (
				52C1B0CF2A275006009CE092 /* ApiManager.swift in Sources */,
				52D1D6B12A263DDA00129113 /* ViewModel.swift in Sources */,
				52D1D69F2A263D7A00129113 /* ViewController.swift in Sources */,
				52C1B0CB2A2723A0009CE092 /* ApiRequest.swift in Sources */,
				52C1B0CD2A272757009CE092 /* ApiResponse.swift in Sources */,
				52D1D69B2A263D7A00129113 /* AppDelegate.swift in Sources */,
				52D1D6AF2A263D8D00129113 /* ApiService.swift in Sources */,
				52D1D69D2A263D7A00129113 /* SceneDelegate.swift in Sources */,
				52C1B0D32A277014009CE092 /* Common.swift in Sources */,
				52C1B0D12A276F15009CE092 /* Constants.swift in Sources */,
			);
			runOnlyForDeploymentPostprocessing = 0;
		};
/* End PBXSourcesBuildPhase section */

/* Begin PBXVariantGroup section */
		52D1D6A02A263D7A00129113 /* Main.storyboard */ = {
			isa = PBXVariantGroup;
			children = (
				52D1D6A12A263D7A00129113 /* Base */,
			);
			name = Main.storyboard;
			sourceTree = "<group>";
		};
		52D1D6A52A263D7C00129113 /* LaunchScreen.storyboard */ = {
			isa = PBXVariantGroup;
			children = (
				52D1D6A62A263D7C00129113 /* Base */,
			);
			name = LaunchScreen.storyboard;
			sourceTree = "<group>";
		};
/* End PBXVariantGroup section */

/* Begin XCBuildConfiguration section */
		52D1D6A92A263D7C00129113 /* Debug */ = {
			isa = XCBuildConfiguration;
			buildSettings = {
				ALWAYS_SEARCH_USER_PATHS = NO;
				CLANG_ANALYZER_NONNULL = YES;
				CLANG_ANALYZER_NUMBER_OBJECT_CONVERSION = YES_AGGRESSIVE;
				CLANG_CXX_LANGUAGE_STANDARD = "gnu++20";
				CLANG_ENABLE_MODULES = YES;
				CLANG_ENABLE_OBJC_ARC = YES;
				CLANG_ENABLE_OBJC_WEAK = YES;
				CLANG_WARN_BLOCK_CAPTURE_AUTORELEASING = YES;
				CLANG_WARN_BOOL_CONVERSION = YES;
				CLANG_WARN_COMMA = YES;
				CLANG_WARN_CONSTANT_CONVERSION = YES;
				CLANG_WARN_DEPRECATED_OBJC_IMPLEMENTATIONS = YES;
				CLANG_WARN_DIRECT_OBJC_ISA_USAGE = YES_ERROR;
				CLANG_WARN_DOCUMENTATION_COMMENTS = YES;
				CLANG_WARN_EMPTY_BODY = YES;
				CLANG_WARN_ENUM_CONVERSION = YES;
				CLANG_WARN_INFINITE_RECURSION = YES;
				CLANG_WARN_INT_CONVERSION = YES;
				CLANG_WARN_NON_LITERAL_NULL_CONVERSION = YES;
				CLANG_WARN_OBJC_IMPLICIT_RETAIN_SELF = YES;
				CLANG_WARN_OBJC_LITERAL_CONVERSION = YES;
				CLANG_WARN_OBJC_ROOT_CLASS = YES_ERROR;
				CLANG_WARN_QUOTED_INCLUDE_IN_FRAMEWORK_HEADER = YES;
				CLANG_WARN_RANGE_LOOP_ANALYSIS = YES;
				CLANG_WARN_STRICT_PROTOTYPES = YES;
				CLANG_WARN_SUSPICIOUS_MOVE = YES;
				CLANG_WARN_UNGUARDED_AVAILABILITY = YES_AGGRESSIVE;
				CLANG_WARN_UNREACHABLE_CODE = YES;
				CLANG_WARN__DUPLICATE_METHOD_MATCH = YES;
				COPY_PHASE_STRIP = NO;
				DEBUG_INFORMATION_FORMAT = dwarf;
				ENABLE_STRICT_OBJC_MSGSEND = YES;
				ENABLE_TESTABILITY = YES;
				GCC_C_LANGUAGE_STANDARD = gnu11;
				GCC_DYNAMIC_NO_PIC = NO;
				GCC_NO_COMMON_BLOCKS = YES;
				GCC_OPTIMIZATION_LEVEL = 0;
				GCC_PREPROCESSOR_DEFINITIONS = (
					"DEBUG=1",
					"$(inherited)",
				);
				GCC_WARN_64_TO_32_BIT_CONVERSION = YES;
				GCC_WARN_ABOUT_RETURN_TYPE = YES_ERROR;
				GCC_WARN_UNDECLARED_SELECTOR = YES;
				GCC_WARN_UNINITIALIZED_AUTOS = YES_AGGRESSIVE;
				GCC_WARN_UNUSED_FUNCTION = YES;
				GCC_WARN_UNUSED_VARIABLE = YES;
				IPHONEOS_DEPLOYMENT_TARGET = 16.2;
				MTL_ENABLE_DEBUG_INFO = INCLUDE_SOURCE;
				MTL_FAST_MATH = YES;
				ONLY_ACTIVE_ARCH = YES;
				SDKROOT = iphoneos;
				SWIFT_ACTIVE_COMPILATION_CONDITIONS = DEBUG;
				SWIFT_OPTIMIZATION_LEVEL = "-Onone";
			};
			name = Debug;
		};
		52D1D6AA2A263D7C00129113 /* Release */ = {
			isa = XCBuildConfiguration;
			buildSettings = {
				ALWAYS_SEARCH_USER_PATHS = NO;
				CLANG_ANALYZER_NONNULL = YES;
				CLANG_ANALYZER_NUMBER_OBJECT_CONVERSION = YES_AGGRESSIVE;
				CLANG_CXX_LANGUAGE_STANDARD = "gnu++20";
				CLANG_ENABLE_MODULES = YES;
				CLANG_ENABLE_OBJC_ARC = YES;
				CLANG_ENABLE_OBJC_WEAK = YES;
				CLANG_WARN_BLOCK_CAPTURE_AUTORELEASING = YES;
				CLANG_WARN_BOOL_CONVERSION = YES;
				CLANG_WARN_COMMA = YES;
				CLANG_WARN_CONSTANT_CONVERSION = YES;
				CLANG_WARN_DEPRECATED_OBJC_IMPLEMENTATIONS = YES;
				CLANG_WARN_DIRECT_OBJC_ISA_USAGE = YES_ERROR;
				CLANG_WARN_DOCUMENTATION_COMMENTS = YES;
				CLANG_WARN_EMPTY_BODY = YES;
				CLANG_WARN_ENUM_CONVERSION = YES;
				CLANG_WARN_INFINITE_RECURSION = YES;
				CLANG_WARN_INT_CONVERSION = YES;
				CLANG_WARN_NON_LITERAL_NULL_CONVERSION = YES;
				CLANG_WARN_OBJC_IMPLICIT_RETAIN_SELF = YES;
				CLANG_WARN_OBJC_LITERAL_CONVERSION = YES;
				CLANG_WARN_OBJC_ROOT_CLASS = YES_ERROR;
				CLANG_WARN_QUOTED_INCLUDE_IN_FRAMEWORK_HEADER = YES;
				CLANG_WARN_RANGE_LOOP_ANALYSIS = YES;
				CLANG_WARN_STRICT_PROTOTYPES = YES;
				CLANG_WARN_SUSPICIOUS_MOVE = YES;
				CLANG_WARN_UNGUARDED_AVAILABILITY = YES_AGGRESSIVE;
				CLANG_WARN_UNREACHABLE_CODE = YES;
				CLANG_WARN__DUPLICATE_METHOD_MATCH = YES;
				COPY_PHASE_STRIP = NO;
				DEBUG_INFORMATION_FORMAT = "dwarf-with-dsym";
				ENABLE_NS_ASSERTIONS = NO;
				ENABLE_STRICT_OBJC_MSGSEND = YES;
				GCC_C_LANGUAGE_STANDARD = gnu11;
				GCC_NO_COMMON_BLOCKS = YES;
				GCC_WARN_64_TO_32_BIT_CONVERSION = YES;
				GCC_WARN_ABOUT_RETURN_TYPE = YES_ERROR;
				GCC_WARN_UNDECLARED_SELECTOR = YES;
				GCC_WARN_UNINITIALIZED_AUTOS = YES_AGGRESSIVE;
				GCC_WARN_UNUSED_FUNCTION = YES;
				GCC_WARN_UNUSED_VARIABLE = YES;
				IPHONEOS_DEPLOYMENT_TARGET = 16.2;
				MTL_ENABLE_DEBUG_INFO = NO;
				MTL_FAST_MATH = YES;
				SDKROOT = iphoneos;
				SWIFT_COMPILATION_MODE = wholemodule;
				SWIFT_OPTIMIZATION_LEVEL = "-O";
				VALIDATE_PRODUCT = YES;
			};
			name = Release;
		};
		52D1D6AC2A263D7C00129113 /* Debug */ = {
			isa = XCBuildConfiguration;
			buildSettings = {
				ASSETCATALOG_COMPILER_APPICON_NAME = AppIcon;
				ASSETCATALOG_COMPILER_GLOBAL_ACCENT_COLOR_NAME = AccentColor;
				CODE_SIGN_STYLE = Automatic;
				CURRENT_PROJECT_VERSION = 1;
				DEVELOPMENT_TEAM = S94D73XQXZ;
				GENERATE_INFOPLIST_FILE = YES;
				INFOPLIST_FILE = AnsycAwait/Info.plist;
				INFOPLIST_KEY_UIApplicationSupportsIndirectInputEvents = YES;
				INFOPLIST_KEY_UILaunchStoryboardName = LaunchScreen;
				INFOPLIST_KEY_UIMainStoryboardFile = Main;
				INFOPLIST_KEY_UISupportedInterfaceOrientations_iPad = "UIInterfaceOrientationPortrait UIInterfaceOrientationPortraitUpsideDown UIInterfaceOrientationLandscapeLeft UIInterfaceOrientationLandscapeRight";
				INFOPLIST_KEY_UISupportedInterfaceOrientations_iPhone = "UIInterfaceOrientationPortrait UIInterfaceOrientationLandscapeLeft UIInterfaceOrientationLandscapeRight";
				LD_RUNPATH_SEARCH_PATHS = (
					"$(inherited)",
					"@executable_path/Frameworks",
				);
				MARKETING_VERSION = 1.0;
				PRODUCT_BUNDLE_IDENTIFIER = "com.wifidemo-pass.AnsycAwait";
				PRODUCT_NAME = "$(TARGET_NAME)";
				SWIFT_EMIT_LOC_STRINGS = YES;
				SWIFT_VERSION = 5.0;
				TARGETED_DEVICE_FAMILY = "1,2";
			};
			name = Debug;
		};
		52D1D6AD2A263D7C00129113 /* Release */ = {
			isa = XCBuildConfiguration;
			buildSettings = {
				ASSETCATALOG_COMPILER_APPICON_NAME = AppIcon;
				ASSETCATALOG_COMPILER_GLOBAL_ACCENT_COLOR_NAME = AccentColor;
				CODE_SIGN_STYLE = Automatic;
				CURRENT_PROJECT_VERSION = 1;
				DEVELOPMENT_TEAM = S94D73XQXZ;
				GENERATE_INFOPLIST_FILE = YES;
				INFOPLIST_FILE = AnsycAwait/Info.plist;
				INFOPLIST_KEY_UIApplicationSupportsIndirectInputEvents = YES;
				INFOPLIST_KEY_UILaunchStoryboardName = LaunchScreen;
				INFOPLIST_KEY_UIMainStoryboardFile = Main;
				INFOPLIST_KEY_UISupportedInterfaceOrientations_iPad = "UIInterfaceOrientationPortrait UIInterfaceOrientationPortraitUpsideDown UIInterfaceOrientationLandscapeLeft UIInterfaceOrientationLandscapeRight";
				INFOPLIST_KEY_UISupportedInterfaceOrientations_iPhone = "UIInterfaceOrientationPortrait UIInterfaceOrientationLandscapeLeft UIInterfaceOrientationLandscapeRight";
				LD_RUNPATH_SEARCH_PATHS = (
					"$(inherited)",
					"@executable_path/Frameworks",
				);
				MARKETING_VERSION = 1.0;
				PRODUCT_BUNDLE_IDENTIFIER = "com.wifidemo-pass.AnsycAwait";
				PRODUCT_NAME = "$(TARGET_NAME)";
				SWIFT_EMIT_LOC_STRINGS = YES;
				SWIFT_VERSION = 5.0;
				TARGETED_DEVICE_FAMILY = "1,2";
			};
			name = Release;
		};
/* End XCBuildConfiguration section */

/* Begin XCConfigurationList section */
		52D1D6922A263D7A00129113 /* Build configuration list for PBXProject "AnsycAwait" */ = {
			isa = XCConfigurationList;
			buildConfigurations = (
				52D1D6A92A263D7C00129113 /* Debug */,
				52D1D6AA2A263D7C00129113 /* Release */,
			);
			defaultConfigurationIsVisible = 0;
			defaultConfigurationName = Release;
		};
		52D1D6AB2A263D7C00129113 /* Build configuration list for PBXNativeTarget "AnsycAwait" */ = {
			isa = XCConfigurationList;
			buildConfigurations = (
				52D1D6AC2A263D7C00129113 /* Debug */,
				52D1D6AD2A263D7C00129113 /* Release */,
			);
			defaultConfigurationIsVisible = 0;
			defaultConfigurationName = Release;
		};
/* End XCConfigurationList section */
	};
	rootObject = 52D1D68F2A263D7A00129113 /* Project object */;
}
